
Microsoft Visual Studio Solution File, Format Version 11.00
# Visual C# Express 2010
Project("{FAE04EC0-301F-11D3-BF4B-00C04F79EFBC}") = "Geomethod.Web", "Geomethod.Web.csproj", "{DE8567B2-526C-41A5-BBAE-9968F021BB45}"
EndProject
Global
	GlobalSection(SolutionConfigurationPlatforms) = preSolution
		Debug|Any CPU = Debug|Any CPU
		Release|Any CPU = Release|Any CPU
	EndGlobalSection
	GlobalSection(ProjectConfigurationPlatforms) = postSolution
		{DE8567B2-526C-41A5-BBAE-9968F021BB45}.Debug|Any CPU.ActiveCfg = Debug|Any CPU
		{DE8567B2-526C-41A5-BBAE-9968F021BB45}.Debug|Any CPU.Build.0 = Debug|Any CPU
		{DE8567B2-526C-41A5-BBAE-9968F021BB45}.Release|Any CPU.ActiveCfg = Release|Any CPU
		{DE8567B2-526C-41A5-BBAE-9968F021BB45}.Release|Any CPU.Build.0 = Release|Any CPU
	EndGlobalSection
	GlobalSection(SolutionProperties) = preSolution
		HideSolutionNode = FALSE
	EndGlobalSection
EndGlobal
