
Microsoft Visual Studio Solution File, Format Version 11.00
# Visual C# Express 2010
Project("{FAE04EC0-301F-11D3-BF4B-00C04F79EFBC}") = "System.Data.SqlServerCe", "System.Data.SqlServerCe.csproj", "{AA97567F-D220-4FA9-879A-04F1F4C7B901}"
EndProject
Project("{FAE04EC0-301F-11D3-BF4B-00C04F79EFBC}") = "Geomethod", "..\Geomethod\Geomethod.csproj", "{A61A79A7-C64C-4C3A-8FCF-CAB7A33D30C1}"
EndProject
Project("{FAE04EC0-301F-11D3-BF4B-00C04F79EFBC}") = "Geomethod.Data", "..\Geomethod.Data\Geomethod.Data.csproj", "{084B9904-8973-42EE-B9AD-FCDB2EF4CBAA}"
EndProject
Global
	GlobalSection(SolutionConfigurationPlatforms) = preSolution
		Debug|Any CPU = Debug|Any CPU
		Release|Any CPU = Release|Any CPU
		test|Any CPU = test|Any CPU
	EndGlobalSection
	GlobalSection(ProjectConfigurationPlatforms) = postSolution
		{AA97567F-D220-4FA9-879A-04F1F4C7B901}.Debug|Any CPU.ActiveCfg = Debug|Any CPU
		{AA97567F-D220-4FA9-879A-04F1F4C7B901}.Debug|Any CPU.Build.0 = Debug|Any CPU
		{AA97567F-D220-4FA9-879A-04F1F4C7B901}.Release|Any CPU.ActiveCfg = Release|Any CPU
		{AA97567F-D220-4FA9-879A-04F1F4C7B901}.Release|Any CPU.Build.0 = Release|Any CPU
		{AA97567F-D220-4FA9-879A-04F1F4C7B901}.test|Any CPU.ActiveCfg = Release|Any CPU
		{AA97567F-D220-4FA9-879A-04F1F4C7B901}.test|Any CPU.Build.0 = Release|Any CPU
		{A61A79A7-C64C-4C3A-8FCF-CAB7A33D30C1}.Debug|Any CPU.ActiveCfg = Debug|Any CPU
		{A61A79A7-C64C-4C3A-8FCF-CAB7A33D30C1}.Debug|Any CPU.Build.0 = Debug|Any CPU
		{A61A79A7-C64C-4C3A-8FCF-CAB7A33D30C1}.Release|Any CPU.ActiveCfg = Release|Any CPU
		{A61A79A7-C64C-4C3A-8FCF-CAB7A33D30C1}.Release|Any CPU.Build.0 = Release|Any CPU
		{A61A79A7-C64C-4C3A-8FCF-CAB7A33D30C1}.test|Any CPU.ActiveCfg = test|Any CPU
		{A61A79A7-C64C-4C3A-8FCF-CAB7A33D30C1}.test|Any CPU.Build.0 = test|Any CPU
		{084B9904-8973-42EE-B9AD-FCDB2EF4CBAA}.Debug|Any CPU.ActiveCfg = Debug|Any CPU
		{084B9904-8973-42EE-B9AD-FCDB2EF4CBAA}.Debug|Any CPU.Build.0 = Debug|Any CPU
		{084B9904-8973-42EE-B9AD-FCDB2EF4CBAA}.Release|Any CPU.ActiveCfg = Release|Any CPU
		{084B9904-8973-42EE-B9AD-FCDB2EF4CBAA}.Release|Any CPU.Build.0 = Release|Any CPU
		{084B9904-8973-42EE-B9AD-FCDB2EF4CBAA}.test|Any CPU.ActiveCfg = test|Any CPU
		{084B9904-8973-42EE-B9AD-FCDB2EF4CBAA}.test|Any CPU.Build.0 = test|Any CPU
	EndGlobalSection
	GlobalSection(SolutionProperties) = preSolution
		HideSolutionNode = FALSE
	EndGlobalSection
EndGlobal
