
Microsoft Visual Studio Solution File, Format Version 12.00
# Visual Studio Version 16
VisualStudioVersion = 16.0.29424.173
MinimumVisualStudioVersion = 10.0.40219.1
Project("{FAE04EC0-301F-11D3-BF4B-00C04F79EFBC}") = "Geomethod.SqlServer", "Geomethod.SqlServer.csproj", "{87487E6B-C295-48B0-87ED-AAA9320EDDCE}"
EndProject
Global
	GlobalSection(SolutionConfigurationPlatforms) = preSolution
		Debug|Any CPU = Debug|Any CPU
		Release|Any CPU = Release|Any CPU
	EndGlobalSection
	GlobalSection(ProjectConfigurationPlatforms) = postSolution
		{87487E6B-C295-48B0-87ED-AAA9320EDDCE}.Debug|Any CPU.ActiveCfg = Debug|Any CPU
		{87487E6B-C295-48B0-87ED-AAA9320EDDCE}.Debug|Any CPU.Build.0 = Debug|Any CPU
		{87487E6B-C295-48B0-87ED-AAA9320EDDCE}.Release|Any CPU.ActiveCfg = Release|Any CPU
		{87487E6B-C295-48B0-87ED-AAA9320EDDCE}.Release|Any CPU.Build.0 = Release|Any CPU
	EndGlobalSection
	GlobalSection(SolutionProperties) = preSolution
		HideSolutionNode = FALSE
	EndGlobalSection
	GlobalSection(ExtensibilityGlobals) = postSolution
		SolutionGuid = {D6D803E8-00E8-4594-8610-90988335453E}
	EndGlobalSection
EndGlobal
